
Microsoft Visual Studio Solution File, Format Version 12.00
# Visual Studio Version 16
VisualStudioVersion = 16.0.30104.148
MinimumVisualStudioVersion = 10.0.40219.1
Project("{2150E333-8FDC-42A3-9474-1A3956D46DE8}") = "src", "src", "{88DFD3C2-FCAC-46C3-BBF4-2E97ACB92CC2}"
EndProject
Project("{2150E333-8FDC-42A3-9474-1A3956D46DE8}") = "Basket", "Basket", "{27A27B5F-B757-4CDE-9D6C-A5FA82A42BE8}"
EndProject
Project("{2150E333-8FDC-42A3-9474-1A3956D46DE8}") = "Catalog", "Catalog", "{41734FE3-75E4-4713-91CA-21E6F573378D}"
EndProject
Project("{9A19103F-16F7-4668-BE54-9A1E7A4F7556}") = "Catalog.API", "src\Catalog\Catalog.API\Catalog.API.csproj", "{8D5614E5-FA51-46FC-BDA1-6BCC722101F9}"
EndProject
Project("{E53339B2-1760-4266-BCC7-CA923CBCF16C}") = "docker-compose", "docker-compose.dcproj", "{4620C847-7B48-408C-892E-9D68598815FC}"
EndProject
Project("{9A19103F-16F7-4668-BE54-9A1E7A4F7556}") = "Basket.API", "src\Basket\Basket.API\Basket.API.csproj", "{DB000D21-7D48-4E39-BEA5-F364DFF2D399}"
EndProject
Project("{2150E333-8FDC-42A3-9474-1A3956D46DE8}") = "Ordering", "Ordering", "{6A2C251B-966D-43CD-B11C-731160A8EA62}"
EndProject
Project("{FAE04EC0-301F-11D3-BF4B-00C04F79EFBC}") = "Ordering.API", "src\Ordering\Ordering.API\Ordering.API.csproj", "{7D4DCD9D-5097-40BD-8675-3C54AEB5A859}"
EndProject
Project("{2150E333-8FDC-42A3-9474-1A3956D46DE8}") = "Common", "Common", "{FB98C70B-EDED-4805-B933-B0FA462E6A99}"
EndProject
Project("{FAE04EC0-301F-11D3-BF4B-00C04F79EFBC}") = "EventBusRabbitMQ", "src\Common\EventBusRabbitMQ\EventBusRabbitMQ.csproj", "{0C7D856E-A0DF-40C9-9B7F-7CC8AB50BBD0}"
EndProject
Project("{FAE04EC0-301F-11D3-BF4B-00C04F79EFBC}") = "Ordering.Application", "src\Ordering\Ordering.Application\Ordering.Application.csproj", "{B5D41517-A41E-469D-98EA-72C9F2865040}"
EndProject
Project("{FAE04EC0-301F-11D3-BF4B-00C04F79EFBC}") = "Ordering.Core", "src\Ordering\Ordering.Core\Ordering.Core.csproj", "{6C73A03D-7D76-48C4-834A-3615071DF846}"
EndProject
Project("{FAE04EC0-301F-11D3-BF4B-00C04F79EFBC}") = "Ordering.Infrastructure", "src\Ordering\Ordering.Infrastructure\Ordering.Infrastructure.csproj", "{FA7A32ED-F64F-4558-A943-A495E060A915}"
EndProject
Global
	GlobalSection(SolutionConfigurationPlatforms) = preSolution
		Debug|Any CPU = Debug|Any CPU
		Release|Any CPU = Release|Any CPU
	EndGlobalSection
	GlobalSection(ProjectConfigurationPlatforms) = postSolution
		{8D5614E5-FA51-46FC-BDA1-6BCC722101F9}.Debug|Any CPU.ActiveCfg = Debug|Any CPU
		{8D5614E5-FA51-46FC-BDA1-6BCC722101F9}.Debug|Any CPU.Build.0 = Debug|Any CPU
		{8D5614E5-FA51-46FC-BDA1-6BCC722101F9}.Release|Any CPU.ActiveCfg = Release|Any CPU
		{8D5614E5-FA51-46FC-BDA1-6BCC722101F9}.Release|Any CPU.Build.0 = Release|Any CPU
		{4620C847-7B48-408C-892E-9D68598815FC}.Debug|Any CPU.ActiveCfg = Debug|Any CPU
		{4620C847-7B48-408C-892E-9D68598815FC}.Debug|Any CPU.Build.0 = Debug|Any CPU
		{4620C847-7B48-408C-892E-9D68598815FC}.Release|Any CPU.ActiveCfg = Release|Any CPU
		{4620C847-7B48-408C-892E-9D68598815FC}.Release|Any CPU.Build.0 = Release|Any CPU
		{DB000D21-7D48-4E39-BEA5-F364DFF2D399}.Debug|Any CPU.ActiveCfg = Debug|Any CPU
		{DB000D21-7D48-4E39-BEA5-F364DFF2D399}.Debug|Any CPU.Build.0 = Debug|Any CPU
		{DB000D21-7D48-4E39-BEA5-F364DFF2D399}.Release|Any CPU.ActiveCfg = Release|Any CPU
		{DB000D21-7D48-4E39-BEA5-F364DFF2D399}.Release|Any CPU.Build.0 = Release|Any CPU
		{7D4DCD9D-5097-40BD-8675-3C54AEB5A859}.Debug|Any CPU.ActiveCfg = Debug|Any CPU
		{7D4DCD9D-5097-40BD-8675-3C54AEB5A859}.Debug|Any CPU.Build.0 = Debug|Any CPU
		{7D4DCD9D-5097-40BD-8675-3C54AEB5A859}.Release|Any CPU.ActiveCfg = Release|Any CPU
		{7D4DCD9D-5097-40BD-8675-3C54AEB5A859}.Release|Any CPU.Build.0 = Release|Any CPU
		{0C7D856E-A0DF-40C9-9B7F-7CC8AB50BBD0}.Debug|Any CPU.ActiveCfg = Debug|Any CPU
		{0C7D856E-A0DF-40C9-9B7F-7CC8AB50BBD0}.Debug|Any CPU.Build.0 = Debug|Any CPU
		{0C7D856E-A0DF-40C9-9B7F-7CC8AB50BBD0}.Release|Any CPU.ActiveCfg = Release|Any CPU
		{0C7D856E-A0DF-40C9-9B7F-7CC8AB50BBD0}.Release|Any CPU.Build.0 = Release|Any CPU
		{B5D41517-A41E-469D-98EA-72C9F2865040}.Debug|Any CPU.ActiveCfg = Debug|Any CPU
		{B5D41517-A41E-469D-98EA-72C9F2865040}.Debug|Any CPU.Build.0 = Debug|Any CPU
		{B5D41517-A41E-469D-98EA-72C9F2865040}.Release|Any CPU.ActiveCfg = Release|Any CPU
		{B5D41517-A41E-469D-98EA-72C9F2865040}.Release|Any CPU.Build.0 = Release|Any CPU
		{6C73A03D-7D76-48C4-834A-3615071DF846}.Debug|Any CPU.ActiveCfg = Debug|Any CPU
		{6C73A03D-7D76-48C4-834A-3615071DF846}.Debug|Any CPU.Build.0 = Debug|Any CPU
		{6C73A03D-7D76-48C4-834A-3615071DF846}.Release|Any CPU.ActiveCfg = Release|Any CPU
		{6C73A03D-7D76-48C4-834A-3615071DF846}.Release|Any CPU.Build.0 = Release|Any CPU
		{FA7A32ED-F64F-4558-A943-A495E060A915}.Debug|Any CPU.ActiveCfg = Debug|Any CPU
		{FA7A32ED-F64F-4558-A943-A495E060A915}.Debug|Any CPU.Build.0 = Debug|Any CPU
		{FA7A32ED-F64F-4558-A943-A495E060A915}.Release|Any CPU.ActiveCfg = Release|Any CPU
		{FA7A32ED-F64F-4558-A943-A495E060A915}.Release|Any CPU.Build.0 = Release|Any CPU
	EndGlobalSection
	GlobalSection(SolutionProperties) = preSolution
		HideSolutionNode = FALSE
	EndGlobalSection
	GlobalSection(NestedProjects) = preSolution
		{27A27B5F-B757-4CDE-9D6C-A5FA82A42BE8} = {88DFD3C2-FCAC-46C3-BBF4-2E97ACB92CC2}
		{41734FE3-75E4-4713-91CA-21E6F573378D} = {88DFD3C2-FCAC-46C3-BBF4-2E97ACB92CC2}
		{8D5614E5-FA51-46FC-BDA1-6BCC722101F9} = {41734FE3-75E4-4713-91CA-21E6F573378D}
		{DB000D21-7D48-4E39-BEA5-F364DFF2D399} = {27A27B5F-B757-4CDE-9D6C-A5FA82A42BE8}
		{6A2C251B-966D-43CD-B11C-731160A8EA62} = {88DFD3C2-FCAC-46C3-BBF4-2E97ACB92CC2}
		{7D4DCD9D-5097-40BD-8675-3C54AEB5A859} = {6A2C251B-966D-43CD-B11C-731160A8EA62}
		{FB98C70B-EDED-4805-B933-B0FA462E6A99} = {88DFD3C2-FCAC-46C3-BBF4-2E97ACB92CC2}
		{0C7D856E-A0DF-40C9-9B7F-7CC8AB50BBD0} = {FB98C70B-EDED-4805-B933-B0FA462E6A99}
		{B5D41517-A41E-469D-98EA-72C9F2865040} = {6A2C251B-966D-43CD-B11C-731160A8EA62}
		{6C73A03D-7D76-48C4-834A-3615071DF846} = {6A2C251B-966D-43CD-B11C-731160A8EA62}
		{FA7A32ED-F64F-4558-A943-A495E060A915} = {6A2C251B-966D-43CD-B11C-731160A8EA62}
	EndGlobalSection
	GlobalSection(ExtensibilityGlobals) = postSolution
		SolutionGuid = {A8D4FEEA-0034-4946-BF08-F36A8A9B7BDA}
	EndGlobalSection
EndGlobal
