
Microsoft Visual Studio Solution File, Format Version 12.00
# Visual Studio Version 16
VisualStudioVersion = 16.0.30104.148
MinimumVisualStudioVersion = 10.0.40219.1
Project("{2150E333-8FDC-42A3-9474-1A3956D46DE8}") = "src", "src", "{88DFD3C2-FCAC-46C3-BBF4-2E97ACB92CC2}"
EndProject
Project("{2150E333-8FDC-42A3-9474-1A3956D46DE8}") = "Basket", "Basket", "{27A27B5F-B757-4CDE-9D6C-A5FA82A42BE8}"
EndProject
Project("{2150E333-8FDC-42A3-9474-1A3956D46DE8}") = "Catalog", "Catalog", "{41734FE3-75E4-4713-91CA-21E6F573378D}"
EndProject
Project("{9A19103F-16F7-4668-BE54-9A1E7A4F7556}") = "Basket.API", "src\Basket\Basket.API\Basket.API.csproj", "{BA5D9227-3D19-4FA7-989C-2DEA368F6DBC}"
EndProject
Project("{9A19103F-16F7-4668-BE54-9A1E7A4F7556}") = "Catalog.API", "src\Catalog\Catalog.API\Catalog.API.csproj", "{8D5614E5-FA51-46FC-BDA1-6BCC722101F9}"
EndProject
Project("{E53339B2-1760-4266-BCC7-CA923CBCF16C}") = "docker-compose", "docker-compose.dcproj", "{267590AB-C989-4895-BFBE-B9496BC4E0A4}"
EndProject
Project("{2150E333-8FDC-42A3-9474-1A3956D46DE8}") = "Common", "Common", "{86B3166D-6FAD-45E7-B1FE-4CF1869F6E93}"
EndProject
Project("{9A19103F-16F7-4668-BE54-9A1E7A4F7556}") = "EventBusRabbitMQ", "src\Common\EventBusRabbitMQ\EventBusRabbitMQ.csproj", "{883A02D6-081A-465D-A6EC-54D804BF7FB1}"
EndProject
Project("{2150E333-8FDC-42A3-9474-1A3956D46DE8}") = "Ordering", "Ordering", "{A0EF924D-7868-46D7-9131-1E46FAF77600}"
EndProject
Project("{9A19103F-16F7-4668-BE54-9A1E7A4F7556}") = "Ordering.API", "src\Ordering\Ordering.API\Ordering.API.csproj", "{C203B439-36FA-4D55-9CF8-960553072144}"
EndProject
Project("{9A19103F-16F7-4668-BE54-9A1E7A4F7556}") = "Ordering.Core", "src\Ordering\Ordering.Core\Ordering.Core.csproj", "{EA42EEF8-3EE7-4676-AFC1-8EEB55227042}"
EndProject
Project("{9A19103F-16F7-4668-BE54-9A1E7A4F7556}") = "Ordering.Infrastructure", "src\Ordering\Ordering.Infrastructure\Ordering.Infrastructure.csproj", "{869F73E4-8815-4D1A-B2B7-96841A689CD5}"
EndProject
Project("{9A19103F-16F7-4668-BE54-9A1E7A4F7556}") = "Ordering.Application", "src\Ordering\Ordering.Application\Ordering.Application.csproj", "{CF237DF9-DBF3-4017-A51D-A8A81273E5FD}"
EndProject
Project("{2150E333-8FDC-42A3-9474-1A3956D46DE8}") = "ApiGateway", "ApiGateway", "{CD486F91-D458-4A2C-955A-3F8BAFB4BB5E}"
EndProject
Project("{9A19103F-16F7-4668-BE54-9A1E7A4F7556}") = "OcelotAPIGateway", "src\ApiGateway\OcelotAPIGateway\OcelotAPIGateway.csproj", "{BA2D7B5E-8175-49EE-B35B-D5E47A1F83CA}"
EndProject
Project("{2150E333-8FDC-42A3-9474-1A3956D46DE8}") = "WebApp", "WebApp", "{A15F78FA-F8B9-4B03-B403-377CF1F5947A}"
EndProject
Project("{9A19103F-16F7-4668-BE54-9A1E7A4F7556}") = "AspnetRunBasics", "src\WebApp\AspnetRunBasics\AspnetRunBasics.csproj", "{A1329C14-03CF-4ACC-B1DA-A1E1E079A4DD}"
EndProject
Global
	GlobalSection(SolutionConfigurationPlatforms) = preSolution
		Debug|Any CPU = Debug|Any CPU
		Release|Any CPU = Release|Any CPU
	EndGlobalSection
	GlobalSection(ProjectConfigurationPlatforms) = postSolution
		{BA5D9227-3D19-4FA7-989C-2DEA368F6DBC}.Debug|Any CPU.ActiveCfg = Debug|Any CPU
		{BA5D9227-3D19-4FA7-989C-2DEA368F6DBC}.Debug|Any CPU.Build.0 = Debug|Any CPU
		{BA5D9227-3D19-4FA7-989C-2DEA368F6DBC}.Release|Any CPU.ActiveCfg = Release|Any CPU
		{BA5D9227-3D19-4FA7-989C-2DEA368F6DBC}.Release|Any CPU.Build.0 = Release|Any CPU
		{8D5614E5-FA51-46FC-BDA1-6BCC722101F9}.Debug|Any CPU.ActiveCfg = Debug|Any CPU
		{8D5614E5-FA51-46FC-BDA1-6BCC722101F9}.Debug|Any CPU.Build.0 = Debug|Any CPU
		{8D5614E5-FA51-46FC-BDA1-6BCC722101F9}.Release|Any CPU.ActiveCfg = Release|Any CPU
		{8D5614E5-FA51-46FC-BDA1-6BCC722101F9}.Release|Any CPU.Build.0 = Release|Any CPU
		{267590AB-C989-4895-BFBE-B9496BC4E0A4}.Debug|Any CPU.ActiveCfg = Debug|Any CPU
		{267590AB-C989-4895-BFBE-B9496BC4E0A4}.Debug|Any CPU.Build.0 = Debug|Any CPU
		{267590AB-C989-4895-BFBE-B9496BC4E0A4}.Release|Any CPU.ActiveCfg = Release|Any CPU
		{267590AB-C989-4895-BFBE-B9496BC4E0A4}.Release|Any CPU.Build.0 = Release|Any CPU
		{883A02D6-081A-465D-A6EC-54D804BF7FB1}.Debug|Any CPU.ActiveCfg = Debug|Any CPU
		{883A02D6-081A-465D-A6EC-54D804BF7FB1}.Debug|Any CPU.Build.0 = Debug|Any CPU
		{883A02D6-081A-465D-A6EC-54D804BF7FB1}.Release|Any CPU.ActiveCfg = Release|Any CPU
		{883A02D6-081A-465D-A6EC-54D804BF7FB1}.Release|Any CPU.Build.0 = Release|Any CPU
		{C203B439-36FA-4D55-9CF8-960553072144}.Debug|Any CPU.ActiveCfg = Debug|Any CPU
		{C203B439-36FA-4D55-9CF8-960553072144}.Debug|Any CPU.Build.0 = Debug|Any CPU
		{C203B439-36FA-4D55-9CF8-960553072144}.Release|Any CPU.ActiveCfg = Release|Any CPU
		{C203B439-36FA-4D55-9CF8-960553072144}.Release|Any CPU.Build.0 = Release|Any CPU
		{EA42EEF8-3EE7-4676-AFC1-8EEB55227042}.Debug|Any CPU.ActiveCfg = Debug|Any CPU
		{EA42EEF8-3EE7-4676-AFC1-8EEB55227042}.Debug|Any CPU.Build.0 = Debug|Any CPU
		{EA42EEF8-3EE7-4676-AFC1-8EEB55227042}.Release|Any CPU.ActiveCfg = Release|Any CPU
		{EA42EEF8-3EE7-4676-AFC1-8EEB55227042}.Release|Any CPU.Build.0 = Release|Any CPU
		{869F73E4-8815-4D1A-B2B7-96841A689CD5}.Debug|Any CPU.ActiveCfg = Debug|Any CPU
		{869F73E4-8815-4D1A-B2B7-96841A689CD5}.Debug|Any CPU.Build.0 = Debug|Any CPU
		{869F73E4-8815-4D1A-B2B7-96841A689CD5}.Release|Any CPU.ActiveCfg = Release|Any CPU
		{869F73E4-8815-4D1A-B2B7-96841A689CD5}.Release|Any CPU.Build.0 = Release|Any CPU
		{CF237DF9-DBF3-4017-A51D-A8A81273E5FD}.Debug|Any CPU.ActiveCfg = Debug|Any CPU
		{CF237DF9-DBF3-4017-A51D-A8A81273E5FD}.Debug|Any CPU.Build.0 = Debug|Any CPU
		{CF237DF9-DBF3-4017-A51D-A8A81273E5FD}.Release|Any CPU.ActiveCfg = Release|Any CPU
		{CF237DF9-DBF3-4017-A51D-A8A81273E5FD}.Release|Any CPU.Build.0 = Release|Any CPU
		{BA2D7B5E-8175-49EE-B35B-D5E47A1F83CA}.Debug|Any CPU.ActiveCfg = Debug|Any CPU
		{BA2D7B5E-8175-49EE-B35B-D5E47A1F83CA}.Debug|Any CPU.Build.0 = Debug|Any CPU
		{BA2D7B5E-8175-49EE-B35B-D5E47A1F83CA}.Release|Any CPU.ActiveCfg = Release|Any CPU
		{BA2D7B5E-8175-49EE-B35B-D5E47A1F83CA}.Release|Any CPU.Build.0 = Release|Any CPU
		{A1329C14-03CF-4ACC-B1DA-A1E1E079A4DD}.Debug|Any CPU.ActiveCfg = Debug|Any CPU
		{A1329C14-03CF-4ACC-B1DA-A1E1E079A4DD}.Debug|Any CPU.Build.0 = Debug|Any CPU
		{A1329C14-03CF-4ACC-B1DA-A1E1E079A4DD}.Release|Any CPU.ActiveCfg = Release|Any CPU
		{A1329C14-03CF-4ACC-B1DA-A1E1E079A4DD}.Release|Any CPU.Build.0 = Release|Any CPU
	EndGlobalSection
	GlobalSection(SolutionProperties) = preSolution
		HideSolutionNode = FALSE
	EndGlobalSection
	GlobalSection(NestedProjects) = preSolution
		{27A27B5F-B757-4CDE-9D6C-A5FA82A42BE8} = {88DFD3C2-FCAC-46C3-BBF4-2E97ACB92CC2}
		{41734FE3-75E4-4713-91CA-21E6F573378D} = {88DFD3C2-FCAC-46C3-BBF4-2E97ACB92CC2}
		{BA5D9227-3D19-4FA7-989C-2DEA368F6DBC} = {27A27B5F-B757-4CDE-9D6C-A5FA82A42BE8}
		{8D5614E5-FA51-46FC-BDA1-6BCC722101F9} = {41734FE3-75E4-4713-91CA-21E6F573378D}
		{86B3166D-6FAD-45E7-B1FE-4CF1869F6E93} = {88DFD3C2-FCAC-46C3-BBF4-2E97ACB92CC2}
		{883A02D6-081A-465D-A6EC-54D804BF7FB1} = {86B3166D-6FAD-45E7-B1FE-4CF1869F6E93}
		{A0EF924D-7868-46D7-9131-1E46FAF77600} = {88DFD3C2-FCAC-46C3-BBF4-2E97ACB92CC2}
		{C203B439-36FA-4D55-9CF8-960553072144} = {A0EF924D-7868-46D7-9131-1E46FAF77600}
		{EA42EEF8-3EE7-4676-AFC1-8EEB55227042} = {A0EF924D-7868-46D7-9131-1E46FAF77600}
		{869F73E4-8815-4D1A-B2B7-96841A689CD5} = {A0EF924D-7868-46D7-9131-1E46FAF77600}
		{CF237DF9-DBF3-4017-A51D-A8A81273E5FD} = {A0EF924D-7868-46D7-9131-1E46FAF77600}
		{CD486F91-D458-4A2C-955A-3F8BAFB4BB5E} = {88DFD3C2-FCAC-46C3-BBF4-2E97ACB92CC2}
		{BA2D7B5E-8175-49EE-B35B-D5E47A1F83CA} = {CD486F91-D458-4A2C-955A-3F8BAFB4BB5E}
		{A15F78FA-F8B9-4B03-B403-377CF1F5947A} = {88DFD3C2-FCAC-46C3-BBF4-2E97ACB92CC2}
		{A1329C14-03CF-4ACC-B1DA-A1E1E079A4DD} = {A15F78FA-F8B9-4B03-B403-377CF1F5947A}
	EndGlobalSection
	GlobalSection(ExtensibilityGlobals) = postSolution
		SolutionGuid = {A8D4FEEA-0034-4946-BF08-F36A8A9B7BDA}
	EndGlobalSection
EndGlobal
