
Microsoft Visual Studio Solution File, Format Version 12.00
# Visual Studio Version 16
VisualStudioVersion = 16.0.30104.148
MinimumVisualStudioVersion = 10.0.40219.1
Project("{2150E333-8FDC-42A3-9474-1A3956D46DE8}") = "src", "src", "{88DFD3C2-FCAC-46C3-BBF4-2E97ACB92CC2}"
EndProject
Project("{2150E333-8FDC-42A3-9474-1A3956D46DE8}") = "Basket", "Basket", "{27A27B5F-B757-4CDE-9D6C-A5FA82A42BE8}"
EndProject
Project("{2150E333-8FDC-42A3-9474-1A3956D46DE8}") = "Catalog", "Catalog", "{41734FE3-75E4-4713-91CA-21E6F573378D}"
EndProject
Project("{9A19103F-16F7-4668-BE54-9A1E7A4F7556}") = "Catalog.API", "src\Catalog\Catalog.API\Catalog.API.csproj", "{8D5614E5-FA51-46FC-BDA1-6BCC722101F9}"
EndProject
Global
	GlobalSection(SolutionConfigurationPlatforms) = preSolution
		Debug|Any CPU = Debug|Any CPU
		Release|Any CPU = Release|Any CPU
	EndGlobalSection
	GlobalSection(ProjectConfigurationPlatforms) = postSolution
		{8D5614E5-FA51-46FC-BDA1-6BCC722101F9}.Debug|Any CPU.ActiveCfg = Debug|Any CPU
		{8D5614E5-FA51-46FC-BDA1-6BCC722101F9}.Debug|Any CPU.Build.0 = Debug|Any CPU
		{8D5614E5-FA51-46FC-BDA1-6BCC722101F9}.Release|Any CPU.ActiveCfg = Release|Any CPU
		{8D5614E5-FA51-46FC-BDA1-6BCC722101F9}.Release|Any CPU.Build.0 = Release|Any CPU
	EndGlobalSection
	GlobalSection(SolutionProperties) = preSolution
		HideSolutionNode = FALSE
	EndGlobalSection
	GlobalSection(NestedProjects) = preSolution
		{27A27B5F-B757-4CDE-9D6C-A5FA82A42BE8} = {88DFD3C2-FCAC-46C3-BBF4-2E97ACB92CC2}
		{41734FE3-75E4-4713-91CA-21E6F573378D} = {88DFD3C2-FCAC-46C3-BBF4-2E97ACB92CC2}
		{8D5614E5-FA51-46FC-BDA1-6BCC722101F9} = {41734FE3-75E4-4713-91CA-21E6F573378D}
	EndGlobalSection
	GlobalSection(ExtensibilityGlobals) = postSolution
		SolutionGuid = {A8D4FEEA-0034-4946-BF08-F36A8A9B7BDA}
	EndGlobalSection
EndGlobal
